
Microsoft Visual Studio Solution File, Format Version 12.00
# Visual Studio Version 16
VisualStudioVersion = 16.0.30114.105
MinimumVisualStudioVersion = 10.0.40219.1
Project("{FAE04EC0-301F-11D3-BF4B-00C04F79EFBC}") = "Invoice.WebAPI", "Invoice.WebAPI\Invoice.WebAPI.csproj", "{B4F5E767-3D36-4BE4-B446-98C2D3459002}"
EndProject
Global
	GlobalSection(SolutionConfigurationPlatforms) = preSolution
		Debug|Any CPU = Debug|Any CPU
		Release|Any CPU = Release|Any CPU
	EndGlobalSection
	GlobalSection(ProjectConfigurationPlatforms) = postSolution
		{B4F5E767-3D36-4BE4-B446-98C2D3459002}.Debug|Any CPU.ActiveCfg = Debug|Any CPU
		{B4F5E767-3D36-4BE4-B446-98C2D3459002}.Debug|Any CPU.Build.0 = Debug|Any CPU
		{B4F5E767-3D36-4BE4-B446-98C2D3459002}.Release|Any CPU.ActiveCfg = Release|Any CPU
		{B4F5E767-3D36-4BE4-B446-98C2D3459002}.Release|Any CPU.Build.0 = Release|Any CPU
	EndGlobalSection
	GlobalSection(SolutionProperties) = preSolution
		HideSolutionNode = FALSE
	EndGlobalSection
	GlobalSection(ExtensibilityGlobals) = postSolution
		SolutionGuid = {8A9E6912-7D3D-4A31-8732-A0D93BE2033F}
	EndGlobalSection
EndGlobal
